
Microsoft Visual Studio Solution File, Format Version 12.00
# Visual Studio Version 18
Project("{2150E333-8FDC-42A3-9474-1A3956D46DE8}") = "CMakePredefinedTargets", "CMakePredefinedTargets", "{E2760388-EE82-38DD-931C-A04C804B9BA9}"
EndProject
Project("{8BC9CEB8-8B4A-11D0-8D11-00A0C91BC942}") = "ALL_BUILD", "ALL_BUILD.vcxproj", "{80F51491-550E-38B1-9A7D-16498AE344FB}"
	ProjectSection(ProjectDependencies) = postProject
		{28835010-81B0-366D-9115-792E8D6C9C31} = {28835010-81B0-366D-9115-792E8D6C9C31}
		{2A9089F1-E461-3162-AC6C-20F293FA9740} = {2A9089F1-E461-3162-AC6C-20F293FA9740}
		{ABCBD392-7EDB-308B-B2BB-078F376E1A8A} = {ABCBD392-7EDB-308B-B2BB-078F376E1A8A}
		{43C7935A-464C-35B7-B288-291EFA4DE13E} = {43C7935A-464C-35B7-B288-291EFA4DE13E}
		{FC2F4DAF-AB7F-31A4-8F6E-1DAA10F14072} = {FC2F4DAF-AB7F-31A4-8F6E-1DAA10F14072}
		{2BF63CAD-B3B5-3387-974C-DA08621F6256} = {2BF63CAD-B3B5-3387-974C-DA08621F6256}
		{39E4B803-E818-3C73-89AD-58D4F5805403} = {39E4B803-E818-3C73-89AD-58D4F5805403}
	EndProjectSection
EndProject
Project("{8BC9CEB8-8B4A-11D0-8D11-00A0C91BC942}") = "Black-Jack", "Black-Jack.vcxproj", "{28835010-81B0-366D-9115-792E8D6C9C31}"
	ProjectSection(ProjectDependencies) = postProject
		{ABCBD392-7EDB-308B-B2BB-078F376E1A8A} = {ABCBD392-7EDB-308B-B2BB-078F376E1A8A}
	EndProjectSection
EndProject
Project("{8BC9CEB8-8B4A-11D0-8D11-00A0C91BC942}") = "INSTALL", "INSTALL.vcxproj", "{C16119BE-FD5E-30E0-8634-7EC914A22AED}"
	ProjectSection(ProjectDependencies) = postProject
		{80F51491-550E-38B1-9A7D-16498AE344FB} = {80F51491-550E-38B1-9A7D-16498AE344FB}
		{ABCBD392-7EDB-308B-B2BB-078F376E1A8A} = {ABCBD392-7EDB-308B-B2BB-078F376E1A8A}
	EndProjectSection
EndProject
Project("{8BC9CEB8-8B4A-11D0-8D11-00A0C91BC942}") = "RUN_TESTS", "RUN_TESTS.vcxproj", "{BD289DD5-ECD0-3F8D-A87F-33415F380ADF}"
	ProjectSection(ProjectDependencies) = postProject
		{ABCBD392-7EDB-308B-B2BB-078F376E1A8A} = {ABCBD392-7EDB-308B-B2BB-078F376E1A8A}
	EndProjectSection
EndProject
Project("{8BC9CEB8-8B4A-11D0-8D11-00A0C91BC942}") = "UnitTests", "UnitTests.vcxproj", "{2A9089F1-E461-3162-AC6C-20F293FA9740}"
	ProjectSection(ProjectDependencies) = postProject
		{ABCBD392-7EDB-308B-B2BB-078F376E1A8A} = {ABCBD392-7EDB-308B-B2BB-078F376E1A8A}
		{2BF63CAD-B3B5-3387-974C-DA08621F6256} = {2BF63CAD-B3B5-3387-974C-DA08621F6256}
		{39E4B803-E818-3C73-89AD-58D4F5805403} = {39E4B803-E818-3C73-89AD-58D4F5805403}
	EndProjectSection
EndProject
Project("{8BC9CEB8-8B4A-11D0-8D11-00A0C91BC942}") = "ZERO_CHECK", "ZERO_CHECK.vcxproj", "{ABCBD392-7EDB-308B-B2BB-078F376E1A8A}"
	ProjectSection(ProjectDependencies) = postProject
	EndProjectSection
EndProject
Project("{8BC9CEB8-8B4A-11D0-8D11-00A0C91BC942}") = "gmock", "_deps\googletest-build\googlemock\gmock.vcxproj", "{43C7935A-464C-35B7-B288-291EFA4DE13E}"
	ProjectSection(ProjectDependencies) = postProject
		{ABCBD392-7EDB-308B-B2BB-078F376E1A8A} = {ABCBD392-7EDB-308B-B2BB-078F376E1A8A}
	EndProjectSection
EndProject
Project("{8BC9CEB8-8B4A-11D0-8D11-00A0C91BC942}") = "gmock_main", "_deps\googletest-build\googlemock\gmock_main.vcxproj", "{FC2F4DAF-AB7F-31A4-8F6E-1DAA10F14072}"
	ProjectSection(ProjectDependencies) = postProject
		{ABCBD392-7EDB-308B-B2BB-078F376E1A8A} = {ABCBD392-7EDB-308B-B2BB-078F376E1A8A}
	EndProjectSection
EndProject
Project("{8BC9CEB8-8B4A-11D0-8D11-00A0C91BC942}") = "gtest", "_deps\googletest-build\googletest\gtest.vcxproj", "{2BF63CAD-B3B5-3387-974C-DA08621F6256}"
	ProjectSection(ProjectDependencies) = postProject
		{ABCBD392-7EDB-308B-B2BB-078F376E1A8A} = {ABCBD392-7EDB-308B-B2BB-078F376E1A8A}
	EndProjectSection
EndProject
Project("{8BC9CEB8-8B4A-11D0-8D11-00A0C91BC942}") = "gtest_main", "_deps\googletest-build\googletest\gtest_main.vcxproj", "{39E4B803-E818-3C73-89AD-58D4F5805403}"
	ProjectSection(ProjectDependencies) = postProject
		{ABCBD392-7EDB-308B-B2BB-078F376E1A8A} = {ABCBD392-7EDB-308B-B2BB-078F376E1A8A}
		{2BF63CAD-B3B5-3387-974C-DA08621F6256} = {2BF63CAD-B3B5-3387-974C-DA08621F6256}
	EndProjectSection
EndProject
Global
	GlobalSection(SolutionConfigurationPlatforms) = preSolution
		Debug|x64 = Debug|x64
		Release|x64 = Release|x64
		MinSizeRel|x64 = MinSizeRel|x64
		RelWithDebInfo|x64 = RelWithDebInfo|x64
	EndGlobalSection
	GlobalSection(ProjectConfigurationPlatforms) = postSolution
		{80F51491-550E-38B1-9A7D-16498AE344FB}.Debug|x64.ActiveCfg = Debug|x64
		{80F51491-550E-38B1-9A7D-16498AE344FB}.Debug|x64.Build.0 = Debug|x64
		{80F51491-550E-38B1-9A7D-16498AE344FB}.Release|x64.ActiveCfg = Release|x64
		{80F51491-550E-38B1-9A7D-16498AE344FB}.Release|x64.Build.0 = Release|x64
		{80F51491-550E-38B1-9A7D-16498AE344FB}.MinSizeRel|x64.ActiveCfg = MinSizeRel|x64
		{80F51491-550E-38B1-9A7D-16498AE344FB}.MinSizeRel|x64.Build.0 = MinSizeRel|x64
		{80F51491-550E-38B1-9A7D-16498AE344FB}.RelWithDebInfo|x64.ActiveCfg = RelWithDebInfo|x64
		{80F51491-550E-38B1-9A7D-16498AE344FB}.RelWithDebInfo|x64.Build.0 = RelWithDebInfo|x64
		{28835010-81B0-366D-9115-792E8D6C9C31}.Debug|x64.ActiveCfg = Debug|x64
		{28835010-81B0-366D-9115-792E8D6C9C31}.Debug|x64.Build.0 = Debug|x64
		{28835010-81B0-366D-9115-792E8D6C9C31}.Release|x64.ActiveCfg = Release|x64
		{28835010-81B0-366D-9115-792E8D6C9C31}.Release|x64.Build.0 = Release|x64
		{28835010-81B0-366D-9115-792E8D6C9C31}.MinSizeRel|x64.ActiveCfg = MinSizeRel|x64
		{28835010-81B0-366D-9115-792E8D6C9C31}.MinSizeRel|x64.Build.0 = MinSizeRel|x64
		{28835010-81B0-366D-9115-792E8D6C9C31}.RelWithDebInfo|x64.ActiveCfg = RelWithDebInfo|x64
		{28835010-81B0-366D-9115-792E8D6C9C31}.RelWithDebInfo|x64.Build.0 = RelWithDebInfo|x64
		{C16119BE-FD5E-30E0-8634-7EC914A22AED}.Debug|x64.ActiveCfg = Debug|x64
		{C16119BE-FD5E-30E0-8634-7EC914A22AED}.Release|x64.ActiveCfg = Release|x64
		{C16119BE-FD5E-30E0-8634-7EC914A22AED}.MinSizeRel|x64.ActiveCfg = MinSizeRel|x64
		{C16119BE-FD5E-30E0-8634-7EC914A22AED}.RelWithDebInfo|x64.ActiveCfg = RelWithDebInfo|x64
		{BD289DD5-ECD0-3F8D-A87F-33415F380ADF}.Debug|x64.ActiveCfg = Debug|x64
		{BD289DD5-ECD0-3F8D-A87F-33415F380ADF}.Release|x64.ActiveCfg = Release|x64
		{BD289DD5-ECD0-3F8D-A87F-33415F380ADF}.MinSizeRel|x64.ActiveCfg = MinSizeRel|x64
		{BD289DD5-ECD0-3F8D-A87F-33415F380ADF}.RelWithDebInfo|x64.ActiveCfg = RelWithDebInfo|x64
		{2A9089F1-E461-3162-AC6C-20F293FA9740}.Debug|x64.ActiveCfg = Debug|x64
		{2A9089F1-E461-3162-AC6C-20F293FA9740}.Debug|x64.Build.0 = Debug|x64
		{2A9089F1-E461-3162-AC6C-20F293FA9740}.Release|x64.ActiveCfg = Release|x64
		{2A9089F1-E461-3162-AC6C-20F293FA9740}.Release|x64.Build.0 = Release|x64
		{2A9089F1-E461-3162-AC6C-20F293FA9740}.MinSizeRel|x64.ActiveCfg = MinSizeRel|x64
		{2A9089F1-E461-3162-AC6C-20F293FA9740}.MinSizeRel|x64.Build.0 = MinSizeRel|x64
		{2A9089F1-E461-3162-AC6C-20F293FA9740}.RelWithDebInfo|x64.ActiveCfg = RelWithDebInfo|x64
		{2A9089F1-E461-3162-AC6C-20F293FA9740}.RelWithDebInfo|x64.Build.0 = RelWithDebInfo|x64
		{ABCBD392-7EDB-308B-B2BB-078F376E1A8A}.Debug|x64.ActiveCfg = Debug|x64
		{ABCBD392-7EDB-308B-B2BB-078F376E1A8A}.Debug|x64.Build.0 = Debug|x64
		{ABCBD392-7EDB-308B-B2BB-078F376E1A8A}.Release|x64.ActiveCfg = Release|x64
		{ABCBD392-7EDB-308B-B2BB-078F376E1A8A}.Release|x64.Build.0 = Release|x64
		{ABCBD392-7EDB-308B-B2BB-078F376E1A8A}.MinSizeRel|x64.ActiveCfg = MinSizeRel|x64
		{ABCBD392-7EDB-308B-B2BB-078F376E1A8A}.MinSizeRel|x64.Build.0 = MinSizeRel|x64
		{ABCBD392-7EDB-308B-B2BB-078F376E1A8A}.RelWithDebInfo|x64.ActiveCfg = RelWithDebInfo|x64
		{ABCBD392-7EDB-308B-B2BB-078F376E1A8A}.RelWithDebInfo|x64.Build.0 = RelWithDebInfo|x64
		{43C7935A-464C-35B7-B288-291EFA4DE13E}.Debug|x64.ActiveCfg = Debug|x64
		{43C7935A-464C-35B7-B288-291EFA4DE13E}.Debug|x64.Build.0 = Debug|x64
		{43C7935A-464C-35B7-B288-291EFA4DE13E}.Release|x64.ActiveCfg = Release|x64
		{43C7935A-464C-35B7-B288-291EFA4DE13E}.Release|x64.Build.0 = Release|x64
		{43C7935A-464C-35B7-B288-291EFA4DE13E}.MinSizeRel|x64.ActiveCfg = MinSizeRel|x64
		{43C7935A-464C-35B7-B288-291EFA4DE13E}.MinSizeRel|x64.Build.0 = MinSizeRel|x64
		{43C7935A-464C-35B7-B288-291EFA4DE13E}.RelWithDebInfo|x64.ActiveCfg = RelWithDebInfo|x64
		{43C7935A-464C-35B7-B288-291EFA4DE13E}.RelWithDebInfo|x64.Build.0 = RelWithDebInfo|x64
		{FC2F4DAF-AB7F-31A4-8F6E-1DAA10F14072}.Debug|x64.ActiveCfg = Debug|x64
		{FC2F4DAF-AB7F-31A4-8F6E-1DAA10F14072}.Debug|x64.Build.0 = Debug|x64
		{FC2F4DAF-AB7F-31A4-8F6E-1DAA10F14072}.Release|x64.ActiveCfg = Release|x64
		{FC2F4DAF-AB7F-31A4-8F6E-1DAA10F14072}.Release|x64.Build.0 = Release|x64
		{FC2F4DAF-AB7F-31A4-8F6E-1DAA10F14072}.MinSizeRel|x64.ActiveCfg = MinSizeRel|x64
		{FC2F4DAF-AB7F-31A4-8F6E-1DAA10F14072}.MinSizeRel|x64.Build.0 = MinSizeRel|x64
		{FC2F4DAF-AB7F-31A4-8F6E-1DAA10F14072}.RelWithDebInfo|x64.ActiveCfg = RelWithDebInfo|x64
		{FC2F4DAF-AB7F-31A4-8F6E-1DAA10F14072}.RelWithDebInfo|x64.Build.0 = RelWithDebInfo|x64
		{2BF63CAD-B3B5-3387-974C-DA08621F6256}.Debug|x64.ActiveCfg = Debug|x64
		{2BF63CAD-B3B5-3387-974C-DA08621F6256}.Debug|x64.Build.0 = Debug|x64
		{2BF63CAD-B3B5-3387-974C-DA08621F6256}.Release|x64.ActiveCfg = Release|x64
		{2BF63CAD-B3B5-3387-974C-DA08621F6256}.Release|x64.Build.0 = Release|x64
		{2BF63CAD-B3B5-3387-974C-DA08621F6256}.MinSizeRel|x64.ActiveCfg = MinSizeRel|x64
		{2BF63CAD-B3B5-3387-974C-DA08621F6256}.MinSizeRel|x64.Build.0 = MinSizeRel|x64
		{2BF63CAD-B3B5-3387-974C-DA08621F6256}.RelWithDebInfo|x64.ActiveCfg = RelWithDebInfo|x64
		{2BF63CAD-B3B5-3387-974C-DA08621F6256}.RelWithDebInfo|x64.Build.0 = RelWithDebInfo|x64
		{39E4B803-E818-3C73-89AD-58D4F5805403}.Debug|x64.ActiveCfg = Debug|x64
		{39E4B803-E818-3C73-89AD-58D4F5805403}.Debug|x64.Build.0 = Debug|x64
		{39E4B803-E818-3C73-89AD-58D4F5805403}.Release|x64.ActiveCfg = Release|x64
		{39E4B803-E818-3C73-89AD-58D4F5805403}.Release|x64.Build.0 = Release|x64
		{39E4B803-E818-3C73-89AD-58D4F5805403}.MinSizeRel|x64.ActiveCfg = MinSizeRel|x64
		{39E4B803-E818-3C73-89AD-58D4F5805403}.MinSizeRel|x64.Build.0 = MinSizeRel|x64
		{39E4B803-E818-3C73-89AD-58D4F5805403}.RelWithDebInfo|x64.ActiveCfg = RelWithDebInfo|x64
		{39E4B803-E818-3C73-89AD-58D4F5805403}.RelWithDebInfo|x64.Build.0 = RelWithDebInfo|x64
	EndGlobalSection
	GlobalSection(NestedProjects) = preSolution
		{80F51491-550E-38B1-9A7D-16498AE344FB} = {E2760388-EE82-38DD-931C-A04C804B9BA9}
		{C16119BE-FD5E-30E0-8634-7EC914A22AED} = {E2760388-EE82-38DD-931C-A04C804B9BA9}
		{BD289DD5-ECD0-3F8D-A87F-33415F380ADF} = {E2760388-EE82-38DD-931C-A04C804B9BA9}
		{ABCBD392-7EDB-308B-B2BB-078F376E1A8A} = {E2760388-EE82-38DD-931C-A04C804B9BA9}
	EndGlobalSection
	GlobalSection(ExtensibilityGlobals) = postSolution
		SolutionGuid = {D362FC1E-F737-3F1B-94D7-8C8E954EBDB0}
	EndGlobalSection
	GlobalSection(ExtensibilityAddIns) = postSolution
	EndGlobalSection
EndGlobal
